
Microsoft Visual Studio Solution File, Format Version 12.00
# Visual Studio Version 17
VisualStudioVersion = 17.9.34728.123
MinimumVisualStudioVersion = 10.0.40219.1
Project("{9A19103F-16F7-4668-BE54-9A1E7A4F7556}") = "Arreglos", "Arreglos\Arreglos.csproj", "{3EBC717F-EE14-4466-B216-597440D22D7F}"
EndProject
Project("{9A19103F-16F7-4668-BE54-9A1E7A4F7556}") = "App", "App\App.csproj", "{AA9D2F81-A91C-483D-9384-DBF3740B88B9}"
EndProject
Project("{9A19103F-16F7-4668-BE54-9A1E7A4F7556}") = "Listas", "Listas\Listas.csproj", "{99F73397-D611-4CD2-B0A5-2702E8442FA3}"
EndProject
Project("{FAE04EC0-301F-11D3-BF4B-00C04F79EFBC}") = "Desktop", "Desktop\Desktop.csproj", "{FAA5261B-8AFA-4274-ADBB-4D720ECA20D9}"
EndProject
Global
	GlobalSection(SolutionConfigurationPlatforms) = preSolution
		Debug|Any CPU = Debug|Any CPU
		Release|Any CPU = Release|Any CPU
	EndGlobalSection
	GlobalSection(ProjectConfigurationPlatforms) = postSolution
		{3EBC717F-EE14-4466-B216-597440D22D7F}.Debug|Any CPU.ActiveCfg = Debug|Any CPU
		{3EBC717F-EE14-4466-B216-597440D22D7F}.Debug|Any CPU.Build.0 = Debug|Any CPU
		{3EBC717F-EE14-4466-B216-597440D22D7F}.Release|Any CPU.ActiveCfg = Release|Any CPU
		{3EBC717F-EE14-4466-B216-597440D22D7F}.Release|Any CPU.Build.0 = Release|Any CPU
		{AA9D2F81-A91C-483D-9384-DBF3740B88B9}.Debug|Any CPU.ActiveCfg = Debug|Any CPU
		{AA9D2F81-A91C-483D-9384-DBF3740B88B9}.Debug|Any CPU.Build.0 = Debug|Any CPU
		{AA9D2F81-A91C-483D-9384-DBF3740B88B9}.Release|Any CPU.ActiveCfg = Release|Any CPU
		{AA9D2F81-A91C-483D-9384-DBF3740B88B9}.Release|Any CPU.Build.0 = Release|Any CPU
		{99F73397-D611-4CD2-B0A5-2702E8442FA3}.Debug|Any CPU.ActiveCfg = Debug|Any CPU
		{99F73397-D611-4CD2-B0A5-2702E8442FA3}.Debug|Any CPU.Build.0 = Debug|Any CPU
		{99F73397-D611-4CD2-B0A5-2702E8442FA3}.Release|Any CPU.ActiveCfg = Release|Any CPU
		{99F73397-D611-4CD2-B0A5-2702E8442FA3}.Release|Any CPU.Build.0 = Release|Any CPU
		{FAA5261B-8AFA-4274-ADBB-4D720ECA20D9}.Debug|Any CPU.ActiveCfg = Debug|Any CPU
		{FAA5261B-8AFA-4274-ADBB-4D720ECA20D9}.Debug|Any CPU.Build.0 = Debug|Any CPU
		{FAA5261B-8AFA-4274-ADBB-4D720ECA20D9}.Release|Any CPU.ActiveCfg = Release|Any CPU
		{FAA5261B-8AFA-4274-ADBB-4D720ECA20D9}.Release|Any CPU.Build.0 = Release|Any CPU
	EndGlobalSection
	GlobalSection(SolutionProperties) = preSolution
		HideSolutionNode = FALSE
	EndGlobalSection
	GlobalSection(ExtensibilityGlobals) = postSolution
		SolutionGuid = {2867F4B6-10EF-441D-8584-F2BE86B244FF}
	EndGlobalSection
EndGlobal
